# THIS IS AN AUTOGENERATED FILE. DO NOT EDIT THIS FILE DIRECTLY.
# yarn lockfile v1


mi18n@^0.4.6:
  version "0.4.6"
  resolved "https://registry.yarnpkg.com/mi18n/-/mi18n-0.4.6.tgz#fc3b73dd9d1c821beff0b3d99f5e7af3d8577237"
  dependencies:
    now "^11.3.10"

now@^11.3.10:
  version "11.4.6"
  resolved "https://registry.yarnpkg.com/now/-/now-11.4.6.tgz#611729c3de4c1108be72f9f9a4b3851dece29380"
